<Solution>
  <Project Path="HawalaExchange.Application/HawalaExchange.Application.csproj" />
  <Project Path="HawalaExchange.Domain/HawalaExchange.Domain.csproj" />
  <Project Path="HawalaExchange.Infrastructure/HawalaExchange.Infrastructure.csproj" />
  <Project Path="HawalaExchange.Web/HawalaExchange.Web.csproj" />
</Solution>
